// !$*UTF8*$!
{
	archiveVersion = 1;
	classes = {
	};
	objectVersion = 46;
	objects = {

/* Begin PBXBuildFile section */
		391AD5EA1DAB2A1A00CC8C2F /* main.m in Sources */ = {isa = PBXBuildFile; fileRef = 391AD5E91DAB2A1A00CC8C2F /* main.m */; };
		391AD5ED1DAB2A1A00CC8C2F /* AppDelegate.m in Sources */ = {isa = PBXBuildFile; fileRef = 391AD5EC1DAB2A1A00CC8C2F /* AppDelegate.m */; };
		391AD5F31DAB2A1A00CC8C2F /* Main.storyboard in Resources */ = {isa = PBXBuildFile; fileRef = 391AD5F11DAB2A1A00CC8C2F /* Main.storyboard */; };
		391AD5F51DAB2A1A00CC8C2F /* Assets.xcassets in Resources */ = {isa = PBXBuildFile; fileRef = 391AD5F41DAB2A1A00CC8C2F /* Assets.xcassets */; };
		391AD5F81DAB2A1A00CC8C2F /* LaunchScreen.storyboard in Resources */ = {isa = PBXBuildFile; fileRef = 391AD5F61DAB2A1A00CC8C2F /* LaunchScreen.storyboard */; };
		391AD6001DAB2A3000CC8C2F /* Default-568h@2x.png in Resources */ = {isa = PBXBuildFile; fileRef = 391AD5FF1DAB2A3000CC8C2F /* Default-568h@2x.png */; };
		391AD6061DAB2A5A00CC8C2F /* JCRouter.m in Sources */ = {isa = PBXBuildFile; fileRef = 391AD6031DAB2A5A00CC8C2F /* JCRouter.m */; };
		391AD6071DAB2A5A00CC8C2F /* JCRouterParams.m in Sources */ = {isa = PBXBuildFile; fileRef = 391AD6051DAB2A5A00CC8C2F /* JCRouterParams.m */; };
		391AD60A1DAB2AF100CC8C2F /* JCRouterTableViewController.m in Sources */ = {isa = PBXBuildFile; fileRef = 391AD6091DAB2AF100CC8C2F /* JCRouterTableViewController.m */; };
		391AD60C1DAB2BE900CC8C2F /* DemoPageOne.storyboard in Resources */ = {isa = PBXBuildFile; fileRef = 391AD60B1DAB2BE900CC8C2F /* DemoPageOne.storyboard */; };
		391AD60F1DAB2C0000CC8C2F /* PageOneViewController.m in Sources */ = {isa = PBXBuildFile; fileRef = 391AD60E1DAB2C0000CC8C2F /* PageOneViewController.m */; };
		391AD6121DAB2EF200CC8C2F /* PageTwoViewController.m in Sources */ = {isa = PBXBuildFile; fileRef = 391AD6111DAB2EF200CC8C2F /* PageTwoViewController.m */; };
		391AD61F1DAB33CA00CC8C2F /* PageThreeViewController.m in Sources */ = {isa = PBXBuildFile; fileRef = 391AD61D1DAB33CA00CC8C2F /* PageThreeViewController.m */; };
		391AD6221DAB341F00CC8C2F /* DemoPageThree.xib in Resources */ = {isa = PBXBuildFile; fileRef = 391AD6211DAB341F00CC8C2F /* DemoPageThree.xib */; };
		391AD6241DAB410600CC8C2F /* PresentPage.storyboard in Resources */ = {isa = PBXBuildFile; fileRef = 391AD6231DAB410600CC8C2F /* PresentPage.storyboard */; };
		391AD6271DAB411500CC8C2F /* PresentViewController.m in Sources */ = {isa = PBXBuildFile; fileRef = 391AD6261DAB411500CC8C2F /* PresentViewController.m */; };
/* End PBXBuildFile section */

/* Begin PBXFileReference section */
		391AD5E51DAB2A1A00CC8C2F /* JCRouterDemo.app */ = {isa = PBXFileReference; explicitFileType = wrapper.application; includeInIndex = 0; path = JCRouterDemo.app; sourceTree = BUILT_PRODUCTS_DIR; };
		391AD5E91DAB2A1A00CC8C2F /* main.m */ = {isa = PBXFileReference; lastKnownFileType = sourcecode.c.objc; path = main.m; sourceTree = "<group>"; };
		391AD5EB1DAB2A1A00CC8C2F /* AppDelegate.h */ = {isa = PBXFileReference; lastKnownFileType = sourcecode.c.h; path = AppDelegate.h; sourceTree = "<group>"; };
		391AD5EC1DAB2A1A00CC8C2F /* AppDelegate.m */ = {isa = PBXFileReference; lastKnownFileType = sourcecode.c.objc; path = AppDelegate.m; sourceTree = "<group>"; };
		391AD5F21DAB2A1A00CC8C2F /* Base */ = {isa = PBXFileReference; lastKnownFileType = file.storyboard; name = Base; path = Base.lproj/Main.storyboard; sourceTree = "<group>"; };
		391AD5F41DAB2A1A00CC8C2F /* Assets.xcassets */ = {isa = PBXFileReference; lastKnownFileType = folder.assetcatalog; path = Assets.xcassets; sourceTree = "<group>"; };
		391AD5F71DAB2A1A00CC8C2F /* Base */ = {isa = PBXFileReference; lastKnownFileType = file.storyboard; name = Base; path = Base.lproj/LaunchScreen.storyboard; sourceTree = "<group>"; };
		391AD5F91DAB2A1A00CC8C2F /* Info.plist */ = {isa = PBXFileReference; lastKnownFileType = text.plist.xml; path = Info.plist; sourceTree = "<group>"; };
		391AD5FF1DAB2A3000CC8C2F /* Default-568h@2x.png */ = {isa = PBXFileReference; lastKnownFileType = image.png; path = "Default-568h@2x.png"; sourceTree = "<group>"; };
		391AD6021DAB2A5A00CC8C2F /* JCRouter.h */ = {isa = PBXFileReference; fileEncoding = 4; lastKnownFileType = sourcecode.c.h; path = JCRouter.h; sourceTree = "<group>"; };
		391AD6031DAB2A5A00CC8C2F /* JCRouter.m */ = {isa = PBXFileReference; fileEncoding = 4; lastKnownFileType = sourcecode.c.objc; path = JCRouter.m; sourceTree = "<group>"; };
		391AD6041DAB2A5A00CC8C2F /* JCRouterParams.h */ = {isa = PBXFileReference; fileEncoding = 4; lastKnownFileType = sourcecode.c.h; path = JCRouterParams.h; sourceTree = "<group>"; };
		391AD6051DAB2A5A00CC8C2F /* JCRouterParams.m */ = {isa = PBXFileReference; fileEncoding = 4; lastKnownFileType = sourcecode.c.objc; path = JCRouterParams.m; sourceTree = "<group>"; };
		391AD6081DAB2AF100CC8C2F /* JCRouterTableViewController.h */ = {isa = PBXFileReference; fileEncoding = 4; lastKnownFileType = sourcecode.c.h; path = JCRouterTableViewController.h; sourceTree = "<group>"; };
		391AD6091DAB2AF100CC8C2F /* JCRouterTableViewController.m */ = {isa = PBXFileReference; fileEncoding = 4; lastKnownFileType = sourcecode.c.objc; path = JCRouterTableViewController.m; sourceTree = "<group>"; };
		391AD60B1DAB2BE900CC8C2F /* DemoPageOne.storyboard */ = {isa = PBXFileReference; fileEncoding = 4; lastKnownFileType = file.storyboard; path = DemoPageOne.storyboard; sourceTree = "<group>"; };
		391AD60D1DAB2C0000CC8C2F /* PageOneViewController.h */ = {isa = PBXFileReference; fileEncoding = 4; lastKnownFileType = sourcecode.c.h; path = PageOneViewController.h; sourceTree = "<group>"; };
		391AD60E1DAB2C0000CC8C2F /* PageOneViewController.m */ = {isa = PBXFileReference; fileEncoding = 4; lastKnownFileType = sourcecode.c.objc; path = PageOneViewController.m; sourceTree = "<group>"; };
		391AD6101DAB2EF200CC8C2F /* PageTwoViewController.h */ = {isa = PBXFileReference; fileEncoding = 4; lastKnownFileType = sourcecode.c.h; path = PageTwoViewController.h; sourceTree = "<group>"; };
		391AD6111DAB2EF200CC8C2F /* PageTwoViewController.m */ = {isa = PBXFileReference; fileEncoding = 4; lastKnownFileType = sourcecode.c.objc; path = PageTwoViewController.m; sourceTree = "<group>"; };
		391AD61C1DAB33CA00CC8C2F /* PageThreeViewController.h */ = {isa = PBXFileReference; fileEncoding = 4; lastKnownFileType = sourcecode.c.h; path = PageThreeViewController.h; sourceTree = "<group>"; };
		391AD61D1DAB33CA00CC8C2F /* PageThreeViewController.m */ = {isa = PBXFileReference; fileEncoding = 4; lastKnownFileType = sourcecode.c.objc; path = PageThreeViewController.m; sourceTree = "<group>"; };
		391AD6211DAB341F00CC8C2F /* DemoPageThree.xib */ = {isa = PBXFileReference; fileEncoding = 4; lastKnownFileType = file.xib; path = DemoPageThree.xib; sourceTree = "<group>"; };
		391AD6231DAB410600CC8C2F /* PresentPage.storyboard */ = {isa = PBXFileReference; fileEncoding = 4; lastKnownFileType = file.storyboard; path = PresentPage.storyboard; sourceTree = "<group>"; };
		391AD6251DAB411500CC8C2F /* PresentViewController.h */ = {isa = PBXFileReference; fileEncoding = 4; lastKnownFileType = sourcecode.c.h; path = PresentViewController.h; sourceTree = "<group>"; };
		391AD6261DAB411500CC8C2F /* PresentViewController.m */ = {isa = PBXFileReference; fileEncoding = 4; lastKnownFileType = sourcecode.c.objc; path = PresentViewController.m; sourceTree = "<group>"; };
/* End PBXFileReference section */

/* Begin PBXFrameworksBuildPhase section */
		391AD5E21DAB2A1A00CC8C2F /* Frameworks */ = {
			isa = PBXFrameworksBuildPhase;
			buildActionMask = 2147483647;
			files = (
			);
			runOnlyForDeploymentPostprocessing = 0;
		};
/* End PBXFrameworksBuildPhase section */

/* Begin PBXGroup section */
		391AD5DC1DAB2A1A00CC8C2F = {
			isa = PBXGroup;
			children = (
				391AD5FF1DAB2A3000CC8C2F /* Default-568h@2x.png */,
				391AD6011DAB2A5A00CC8C2F /* JCRouter */,
				391AD5E71DAB2A1A00CC8C2F /* JCRouterDemo */,
				391AD5E61DAB2A1A00CC8C2F /* Products */,
			);
			sourceTree = "<group>";
		};
		391AD5E61DAB2A1A00CC8C2F /* Products */ = {
			isa = PBXGroup;
			children = (
				391AD5E51DAB2A1A00CC8C2F /* JCRouterDemo.app */,
			);
			name = Products;
			sourceTree = "<group>";
		};
		391AD5E71DAB2A1A00CC8C2F /* JCRouterDemo */ = {
			isa = PBXGroup;
			children = (
				391AD5EB1DAB2A1A00CC8C2F /* AppDelegate.h */,
				391AD5EC1DAB2A1A00CC8C2F /* AppDelegate.m */,
				391AD6081DAB2AF100CC8C2F /* JCRouterTableViewController.h */,
				391AD6091DAB2AF100CC8C2F /* JCRouterTableViewController.m */,
				391AD5F11DAB2A1A00CC8C2F /* Main.storyboard */,
				391AD60D1DAB2C0000CC8C2F /* PageOneViewController.h */,
				391AD60E1DAB2C0000CC8C2F /* PageOneViewController.m */,
				391AD60B1DAB2BE900CC8C2F /* DemoPageOne.storyboard */,
				391AD6101DAB2EF200CC8C2F /* PageTwoViewController.h */,
				391AD6111DAB2EF200CC8C2F /* PageTwoViewController.m */,
				391AD61C1DAB33CA00CC8C2F /* PageThreeViewController.h */,
				391AD61D1DAB33CA00CC8C2F /* PageThreeViewController.m */,
				391AD6211DAB341F00CC8C2F /* DemoPageThree.xib */,
				391AD6251DAB411500CC8C2F /* PresentViewController.h */,
				391AD6261DAB411500CC8C2F /* PresentViewController.m */,
				391AD6231DAB410600CC8C2F /* PresentPage.storyboard */,
				391AD5F41DAB2A1A00CC8C2F /* Assets.xcassets */,
				391AD5F61DAB2A1A00CC8C2F /* LaunchScreen.storyboard */,
				391AD5F91DAB2A1A00CC8C2F /* Info.plist */,
				391AD5E81DAB2A1A00CC8C2F /* Supporting Files */,
			);
			path = JCRouterDemo;
			sourceTree = "<group>";
		};
		391AD5E81DAB2A1A00CC8C2F /* Supporting Files */ = {
			isa = PBXGroup;
			children = (
				391AD5E91DAB2A1A00CC8C2F /* main.m */,
			);
			name = "Supporting Files";
			sourceTree = "<group>";
		};
		391AD6011DAB2A5A00CC8C2F /* JCRouter */ = {
			isa = PBXGroup;
			children = (
				391AD6021DAB2A5A00CC8C2F /* JCRouter.h */,
				391AD6031DAB2A5A00CC8C2F /* JCRouter.m */,
				391AD6041DAB2A5A00CC8C2F /* JCRouterParams.h */,
				391AD6051DAB2A5A00CC8C2F /* JCRouterParams.m */,
			);
			path = JCRouter;
			sourceTree = "<group>";
		};
/* End PBXGroup section */

/* Begin PBXNativeTarget section */
		391AD5E41DAB2A1A00CC8C2F /* JCRouterDemo */ = {
			isa = PBXNativeTarget;
			buildConfigurationList = 391AD5FC1DAB2A1A00CC8C2F /* Build configuration list for PBXNativeTarget "JCRouterDemo" */;
			buildPhases = (
				391AD5E11DAB2A1A00CC8C2F /* Sources */,
				391AD5E21DAB2A1A00CC8C2F /* Frameworks */,
				391AD5E31DAB2A1A00CC8C2F /* Resources */,
			);
			buildRules = (
			);
			dependencies = (
			);
			name = JCRouterDemo;
			productName = JCRouterDemo;
			productReference = 391AD5E51DAB2A1A00CC8C2F /* JCRouterDemo.app */;
			productType = "com.apple.product-type.application";
		};
/* End PBXNativeTarget section */

/* Begin PBXProject section */
		391AD5DD1DAB2A1A00CC8C2F /* Project object */ = {
			isa = PBXProject;
			attributes = {
				LastUpgradeCheck = 0730;
				ORGANIZATIONNAME = "seris-Jam";
				TargetAttributes = {
					391AD5E41DAB2A1A00CC8C2F = {
						CreatedOnToolsVersion = 7.3.1;
						DevelopmentTeam = 7TVSQH639C;
					};
				};
			};
			buildConfigurationList = 391AD5E01DAB2A1A00CC8C2F /* Build configuration list for PBXProject "JCRouterDemo" */;
			compatibilityVersion = "Xcode 3.2";
			developmentRegion = English;
			hasScannedForEncodings = 0;
			knownRegions = (
				en,
				Base,
			);
			mainGroup = 391AD5DC1DAB2A1A00CC8C2F;
			productRefGroup = 391AD5E61DAB2A1A00CC8C2F /* Products */;
			projectDirPath = "";
			projectRoot = "";
			targets = (
				391AD5E41DAB2A1A00CC8C2F /* JCRouterDemo */,
			);
		};
/* End PBXProject section */

/* Begin PBXResourcesBuildPhase section */
		391AD5E31DAB2A1A00CC8C2F /* Resources */ = {
			isa = PBXResourcesBuildPhase;
			buildActionMask = 2147483647;
			files = (
				391AD5F81DAB2A1A00CC8C2F /* LaunchScreen.storyboard in Resources */,
				391AD6001DAB2A3000CC8C2F /* Default-568h@2x.png in Resources */,
				391AD6221DAB341F00CC8C2F /* DemoPageThree.xib in Resources */,
				391AD5F51DAB2A1A00CC8C2F /* Assets.xcassets in Resources */,
				391AD6241DAB410600CC8C2F /* PresentPage.storyboard in Resources */,
				391AD5F31DAB2A1A00CC8C2F /* Main.storyboard in Resources */,
				391AD60C1DAB2BE900CC8C2F /* DemoPageOne.storyboard in Resources */,
			);
			runOnlyForDeploymentPostprocessing = 0;
		};
/* End PBXResourcesBuildPhase section */

/* Begin PBXSourcesBuildPhase section */
		391AD5E11DAB2A1A00CC8C2F /* Sources */ = {
			isa = PBXSourcesBuildPhase;
			buildActionMask = 2147483647;
			files = (
				391AD61F1DAB33CA00CC8C2F /* PageThreeViewController.m in Sources */,
				391AD6071DAB2A5A00CC8C2F /* JCRouterParams.m in Sources */,
				391AD5ED1DAB2A1A00CC8C2F /* AppDelegate.m in Sources */,
				391AD60A1DAB2AF100CC8C2F /* JCRouterTableViewController.m in Sources */,
				391AD5EA1DAB2A1A00CC8C2F /* main.m in Sources */,
				391AD60F1DAB2C0000CC8C2F /* PageOneViewController.m in Sources */,
				391AD6061DAB2A5A00CC8C2F /* JCRouter.m in Sources */,
				391AD6121DAB2EF200CC8C2F /* PageTwoViewController.m in Sources */,
				391AD6271DAB411500CC8C2F /* PresentViewController.m in Sources */,
			);
			runOnlyForDeploymentPostprocessing = 0;
		};
/* End PBXSourcesBuildPhase section */

/* Begin PBXVariantGroup section */
		391AD5F11DAB2A1A00CC8C2F /* Main.storyboard */ = {
			isa = PBXVariantGroup;
			children = (
				391AD5F21DAB2A1A00CC8C2F /* Base */,
			);
			name = Main.storyboard;
			sourceTree = "<group>";
		};
		391AD5F61DAB2A1A00CC8C2F /* LaunchScreen.storyboard */ = {
			isa = PBXVariantGroup;
			children = (
				391AD5F71DAB2A1A00CC8C2F /* Base */,
			);
			name = LaunchScreen.storyboard;
			sourceTree = "<group>";
		};
/* End PBXVariantGroup section */

/* Begin XCBuildConfiguration section */
		391AD5FA1DAB2A1A00CC8C2F /* Debug */ = {
			isa = XCBuildConfiguration;
			buildSettings = {
				ALWAYS_SEARCH_USER_PATHS = NO;
				CLANG_ANALYZER_NONNULL = YES;
				CLANG_CXX_LANGUAGE_STANDARD = "gnu++0x";
				CLANG_CXX_LIBRARY = "libc++";
				CLANG_ENABLE_MODULES = YES;
				CLANG_ENABLE_OBJC_ARC = YES;
				CLANG_WARN_BOOL_CONVERSION = YES;
				CLANG_WARN_CONSTANT_CONVERSION = YES;
				CLANG_WARN_DIRECT_OBJC_ISA_USAGE = YES_ERROR;
				CLANG_WARN_EMPTY_BODY = YES;
				CLANG_WARN_ENUM_CONVERSION = YES;
				CLANG_WARN_INT_CONVERSION = YES;
				CLANG_WARN_OBJC_ROOT_CLASS = YES_ERROR;
				CLANG_WARN_UNREACHABLE_CODE = YES;
				CLANG_WARN__DUPLICATE_METHOD_MATCH = YES;
				"CODE_SIGN_IDENTITY[sdk=iphoneos*]" = "iPhone Developer";
				COPY_PHASE_STRIP = NO;
				DEBUG_INFORMATION_FORMAT = dwarf;
				ENABLE_STRICT_OBJC_MSGSEND = YES;
				ENABLE_TESTABILITY = YES;
				GCC_C_LANGUAGE_STANDARD = gnu99;
				GCC_DYNAMIC_NO_PIC = NO;
				GCC_NO_COMMON_BLOCKS = YES;
				GCC_OPTIMIZATION_LEVEL = 0;
				GCC_PREPROCESSOR_DEFINITIONS = (
					"DEBUG=1",
					"$(inherited)",
				);
				GCC_WARN_64_TO_32_BIT_CONVERSION = YES;
				GCC_WARN_ABOUT_RETURN_TYPE = YES_ERROR;
				GCC_WARN_UNDECLARED_SELECTOR = YES;
				GCC_WARN_UNINITIALIZED_AUTOS = YES_AGGRESSIVE;
				GCC_WARN_UNUSED_FUNCTION = YES;
				GCC_WARN_UNUSED_VARIABLE = YES;
				IPHONEOS_DEPLOYMENT_TARGET = 9.3;
				MTL_ENABLE_DEBUG_INFO = YES;
				ONLY_ACTIVE_ARCH = YES;
				SDKROOT = iphoneos;
			};
			name = Debug;
		};
		391AD5FB1DAB2A1A00CC8C2F /* Release */ = {
			isa = XCBuildConfiguration;
			buildSettings = {
				ALWAYS_SEARCH_USER_PATHS = NO;
				CLANG_ANALYZER_NONNULL = YES;
				CLANG_CXX_LANGUAGE_STANDARD = "gnu++0x";
				CLANG_CXX_LIBRARY = "libc++";
				CLANG_ENABLE_MODULES = YES;
				CLANG_ENABLE_OBJC_ARC = YES;
				CLANG_WARN_BOOL_CONVERSION = YES;
				CLANG_WARN_CONSTANT_CONVERSION = YES;
				CLANG_WARN_DIRECT_OBJC_ISA_USAGE = YES_ERROR;
				CLANG_WARN_EMPTY_BODY = YES;
				CLANG_WARN_ENUM_CONVERSION = YES;
				CLANG_WARN_INT_CONVERSION = YES;
				CLANG_WARN_OBJC_ROOT_CLASS = YES_ERROR;
				CLANG_WARN_UNREACHABLE_CODE = YES;
				CLANG_WARN__DUPLICATE_METHOD_MATCH = YES;
				"CODE_SIGN_IDENTITY[sdk=iphoneos*]" = "iPhone Developer";
				COPY_PHASE_STRIP = NO;
				DEBUG_INFORMATION_FORMAT = "dwarf-with-dsym";
				ENABLE_NS_ASSERTIONS = NO;
				ENABLE_STRICT_OBJC_MSGSEND = YES;
				GCC_C_LANGUAGE_STANDARD = gnu99;
				GCC_NO_COMMON_BLOCKS = YES;
				GCC_WARN_64_TO_32_BIT_CONVERSION = YES;
				GCC_WARN_ABOUT_RETURN_TYPE = YES_ERROR;
				GCC_WARN_UNDECLARED_SELECTOR = YES;
				GCC_WARN_UNINITIALIZED_AUTOS = YES_AGGRESSIVE;
				GCC_WARN_UNUSED_FUNCTION = YES;
				GCC_WARN_UNUSED_VARIABLE = YES;
				IPHONEOS_DEPLOYMENT_TARGET = 9.3;
				MTL_ENABLE_DEBUG_INFO = NO;
				SDKROOT = iphoneos;
				VALIDATE_PRODUCT = YES;
			};
			name = Release;
		};
		391AD5FD1DAB2A1A00CC8C2F /* Debug */ = {
			isa = XCBuildConfiguration;
			buildSettings = {
				ASSETCATALOG_COMPILER_APPICON_NAME = AppIcon;
				CODE_SIGN_IDENTITY = "iPhone Developer";
				INFOPLIST_FILE = JCRouterDemo/Info.plist;
				IPHONEOS_DEPLOYMENT_TARGET = 7.0;
				LD_RUNPATH_SEARCH_PATHS = "$(inherited) @executable_path/Frameworks";
				PRODUCT_BUNDLE_IDENTIFIER = com.jam.JCRouter;
				PRODUCT_NAME = "$(TARGET_NAME)";
			};
			name = Debug;
		};
		391AD5FE1DAB2A1A00CC8C2F /* Release */ = {
			isa = XCBuildConfiguration;
			buildSettings = {
				ASSETCATALOG_COMPILER_APPICON_NAME = AppIcon;
				CODE_SIGN_IDENTITY = "iPhone Developer";
				INFOPLIST_FILE = JCRouterDemo/Info.plist;
				IPHONEOS_DEPLOYMENT_TARGET = 7.0;
				LD_RUNPATH_SEARCH_PATHS = "$(inherited) @executable_path/Frameworks";
				PRODUCT_BUNDLE_IDENTIFIER = com.jam.JCRouter;
				PRODUCT_NAME = "$(TARGET_NAME)";
			};
			name = Release;
		};
/* End XCBuildConfiguration section */

/* Begin XCConfigurationList section */
		391AD5E01DAB2A1A00CC8C2F /* Build configuration list for PBXProject "JCRouterDemo" */ = {
			isa = XCConfigurationList;
			buildConfigurations = (
				391AD5FA1DAB2A1A00CC8C2F /* Debug */,
				391AD5FB1DAB2A1A00CC8C2F /* Release */,
			);
			defaultConfigurationIsVisible = 0;
			defaultConfigurationName = Release;
		};
		391AD5FC1DAB2A1A00CC8C2F /* Build configuration list for PBXNativeTarget "JCRouterDemo" */ = {
			isa = XCConfigurationList;
			buildConfigurations = (
				391AD5FD1DAB2A1A00CC8C2F /* Debug */,
				391AD5FE1DAB2A1A00CC8C2F /* Release */,
			);
			defaultConfigurationIsVisible = 0;
			defaultConfigurationName = Release;
		};
/* End XCConfigurationList section */
	};
	rootObject = 391AD5DD1DAB2A1A00CC8C2F /* Project object */;
}
